
Microsoft Visual Studio Solution File, Format Version 12.00
# Visual Studio Version 17
VisualStudioVersion = 17.3.32901.215
MinimumVisualStudioVersion = 10.0.40219.1
Project("{FAE04EC0-301F-11D3-BF4B-00C04F79EFBC}") = "WindowsFormsApp1", "WindowsFormsApp1\WindowsFormsApp1.csproj", "{DF870A19-88C3-4BCE-9B2C-6D278C06B355}"
EndProject
Global
	GlobalSection(SolutionConfigurationPlatforms) = preSolution
		Debug|Any CPU = Debug|Any CPU
		Release|Any CPU = Release|Any CPU
	EndGlobalSection
	GlobalSection(ProjectConfigurationPlatforms) = postSolution
		{DF870A19-88C3-4BCE-9B2C-6D278C06B355}.Debug|Any CPU.ActiveCfg = Debug|Any CPU
		{DF870A19-88C3-4BCE-9B2C-6D278C06B355}.Debug|Any CPU.Build.0 = Debug|Any CPU
		{DF870A19-88C3-4BCE-9B2C-6D278C06B355}.Release|Any CPU.ActiveCfg = Release|Any CPU
		{DF870A19-88C3-4BCE-9B2C-6D278C06B355}.Release|Any CPU.Build.0 = Release|Any CPU
	EndGlobalSection
	GlobalSection(SolutionProperties) = preSolution
		HideSolutionNode = FALSE
	EndGlobalSection
	GlobalSection(ExtensibilityGlobals) = postSolution
		SolutionGuid = {A8B9F175-72C4-4050-8CE3-4E06FE4BD854}
	EndGlobalSection
EndGlobal
