
Microsoft Visual Studio Solution File, Format Version 12.00
# Visual Studio Version 17
VisualStudioVersion = 17.8.34511.84
MinimumVisualStudioVersion = 10.0.40219.1
Project("{FAE04EC0-301F-11D3-BF4B-00C04F79EFBC}") = "soru_5", "soru_5\soru_5.csproj", "{ED6C9DFB-8DE5-4A78-9138-02B41352DE22}"
EndProject
Global
	GlobalSection(SolutionConfigurationPlatforms) = preSolution
		Debug|Any CPU = Debug|Any CPU
		Release|Any CPU = Release|Any CPU
	EndGlobalSection
	GlobalSection(ProjectConfigurationPlatforms) = postSolution
		{ED6C9DFB-8DE5-4A78-9138-02B41352DE22}.Debug|Any CPU.ActiveCfg = Debug|Any CPU
		{ED6C9DFB-8DE5-4A78-9138-02B41352DE22}.Debug|Any CPU.Build.0 = Debug|Any CPU
		{ED6C9DFB-8DE5-4A78-9138-02B41352DE22}.Release|Any CPU.ActiveCfg = Release|Any CPU
		{ED6C9DFB-8DE5-4A78-9138-02B41352DE22}.Release|Any CPU.Build.0 = Release|Any CPU
	EndGlobalSection
	GlobalSection(SolutionProperties) = preSolution
		HideSolutionNode = FALSE
	EndGlobalSection
	GlobalSection(ExtensibilityGlobals) = postSolution
		SolutionGuid = {41B0F458-4612-4E51-A345-083A831571C5}
	EndGlobalSection
EndGlobal
