
Microsoft Visual Studio Solution File, Format Version 12.00
# Visual Studio Version 17
VisualStudioVersion = 17.3.32901.215
MinimumVisualStudioVersion = 10.0.40219.1
Project("{FAE04EC0-301F-11D3-BF4B-00C04F79EFBC}") = "WebApplication1", "WebApplication1\WebApplication1.csproj", "{7A172E4E-853E-4381-BCE7-FFF24641E537}"
EndProject
Global
	GlobalSection(SolutionConfigurationPlatforms) = preSolution
		Debug|Any CPU = Debug|Any CPU
		Release|Any CPU = Release|Any CPU
	EndGlobalSection
	GlobalSection(ProjectConfigurationPlatforms) = postSolution
		{7A172E4E-853E-4381-BCE7-FFF24641E537}.Debug|Any CPU.ActiveCfg = Debug|Any CPU
		{7A172E4E-853E-4381-BCE7-FFF24641E537}.Debug|Any CPU.Build.0 = Debug|Any CPU
		{7A172E4E-853E-4381-BCE7-FFF24641E537}.Release|Any CPU.ActiveCfg = Release|Any CPU
		{7A172E4E-853E-4381-BCE7-FFF24641E537}.Release|Any CPU.Build.0 = Release|Any CPU
	EndGlobalSection
	GlobalSection(SolutionProperties) = preSolution
		HideSolutionNode = FALSE
	EndGlobalSection
	GlobalSection(ExtensibilityGlobals) = postSolution
		SolutionGuid = {F8A94EB8-DFC6-4182-B9F2-4BD5B3A25569}
	EndGlobalSection
EndGlobal
