
Microsoft Visual Studio Solution File, Format Version 12.00
# Visual Studio Version 17
VisualStudioVersion = 17.11.35327.3
MinimumVisualStudioVersion = 10.0.40219.1
Project("{FAE04EC0-301F-11D3-BF4B-00C04F79EFBC}") = "soru2", "soru2\soru2.csproj", "{CFC9C178-FACF-457C-B24E-FAB3269425D9}"
EndProject
Global
	GlobalSection(SolutionConfigurationPlatforms) = preSolution
		Debug|Any CPU = Debug|Any CPU
		Release|Any CPU = Release|Any CPU
	EndGlobalSection
	GlobalSection(ProjectConfigurationPlatforms) = postSolution
		{CFC9C178-FACF-457C-B24E-FAB3269425D9}.Debug|Any CPU.ActiveCfg = Debug|Any CPU
		{CFC9C178-FACF-457C-B24E-FAB3269425D9}.Debug|Any CPU.Build.0 = Debug|Any CPU
		{CFC9C178-FACF-457C-B24E-FAB3269425D9}.Release|Any CPU.ActiveCfg = Release|Any CPU
		{CFC9C178-FACF-457C-B24E-FAB3269425D9}.Release|Any CPU.Build.0 = Release|Any CPU
	EndGlobalSection
	GlobalSection(SolutionProperties) = preSolution
		HideSolutionNode = FALSE
	EndGlobalSection
	GlobalSection(ExtensibilityGlobals) = postSolution
		SolutionGuid = {0417FB1C-5765-454F-9488-8A53D375C8AC}
	EndGlobalSection
EndGlobal
