
Microsoft Visual Studio Solution File, Format Version 12.00
# Visual Studio Version 17
VisualStudioVersion = 17.8.34511.84
MinimumVisualStudioVersion = 10.0.40219.1
Project("{FAE04EC0-301F-11D3-BF4B-00C04F79EFBC}") = "soru_2", "soru_2\soru_2.csproj", "{8128FF36-0CE1-4091-8D60-A77192621222}"
EndProject
Global
	GlobalSection(SolutionConfigurationPlatforms) = preSolution
		Debug|Any CPU = Debug|Any CPU
		Release|Any CPU = Release|Any CPU
	EndGlobalSection
	GlobalSection(ProjectConfigurationPlatforms) = postSolution
		{8128FF36-0CE1-4091-8D60-A77192621222}.Debug|Any CPU.ActiveCfg = Debug|Any CPU
		{8128FF36-0CE1-4091-8D60-A77192621222}.Debug|Any CPU.Build.0 = Debug|Any CPU
		{8128FF36-0CE1-4091-8D60-A77192621222}.Release|Any CPU.ActiveCfg = Release|Any CPU
		{8128FF36-0CE1-4091-8D60-A77192621222}.Release|Any CPU.Build.0 = Release|Any CPU
	EndGlobalSection
	GlobalSection(SolutionProperties) = preSolution
		HideSolutionNode = FALSE
	EndGlobalSection
	GlobalSection(ExtensibilityGlobals) = postSolution
		SolutionGuid = {B64EACEF-B12D-4B4F-856E-8E21AD377B91}
	EndGlobalSection
EndGlobal
