
Microsoft Visual Studio Solution File, Format Version 12.00
# Visual Studio Version 17
VisualStudioVersion = 17.8.34511.84
MinimumVisualStudioVersion = 10.0.40219.1
Project("{FAE04EC0-301F-11D3-BF4B-00C04F79EFBC}") = "calisma", "calisma\calisma.csproj", "{57A1C7EE-E45F-40DB-BCFD-BD4698D2B784}"
EndProject
Global
	GlobalSection(SolutionConfigurationPlatforms) = preSolution
		Debug|Any CPU = Debug|Any CPU
		Release|Any CPU = Release|Any CPU
	EndGlobalSection
	GlobalSection(ProjectConfigurationPlatforms) = postSolution
		{57A1C7EE-E45F-40DB-BCFD-BD4698D2B784}.Debug|Any CPU.ActiveCfg = Debug|Any CPU
		{57A1C7EE-E45F-40DB-BCFD-BD4698D2B784}.Debug|Any CPU.Build.0 = Debug|Any CPU
		{57A1C7EE-E45F-40DB-BCFD-BD4698D2B784}.Release|Any CPU.ActiveCfg = Release|Any CPU
		{57A1C7EE-E45F-40DB-BCFD-BD4698D2B784}.Release|Any CPU.Build.0 = Release|Any CPU
	EndGlobalSection
	GlobalSection(SolutionProperties) = preSolution
		HideSolutionNode = FALSE
	EndGlobalSection
	GlobalSection(ExtensibilityGlobals) = postSolution
		SolutionGuid = {803BD1E6-A079-4414-B7DB-52C02CD51CCD}
	EndGlobalSection
EndGlobal
