
Microsoft Visual Studio Solution File, Format Version 12.00
# Visual Studio Version 17
VisualStudioVersion = 17.8.34511.84
MinimumVisualStudioVersion = 10.0.40219.1
Project("{FAE04EC0-301F-11D3-BF4B-00C04F79EFBC}") = "WebApplication4", "WebApplication4\WebApplication4.csproj", "{3E2FDBDC-D50E-4541-8808-15D11E3543F7}"
EndProject
Global
	GlobalSection(SolutionConfigurationPlatforms) = preSolution
		Debug|Any CPU = Debug|Any CPU
		Release|Any CPU = Release|Any CPU
	EndGlobalSection
	GlobalSection(ProjectConfigurationPlatforms) = postSolution
		{3E2FDBDC-D50E-4541-8808-15D11E3543F7}.Debug|Any CPU.ActiveCfg = Debug|Any CPU
		{3E2FDBDC-D50E-4541-8808-15D11E3543F7}.Debug|Any CPU.Build.0 = Debug|Any CPU
		{3E2FDBDC-D50E-4541-8808-15D11E3543F7}.Release|Any CPU.ActiveCfg = Release|Any CPU
		{3E2FDBDC-D50E-4541-8808-15D11E3543F7}.Release|Any CPU.Build.0 = Release|Any CPU
	EndGlobalSection
	GlobalSection(SolutionProperties) = preSolution
		HideSolutionNode = FALSE
	EndGlobalSection
	GlobalSection(ExtensibilityGlobals) = postSolution
		SolutionGuid = {2E9A3433-9CD4-42AE-A505-7D43A4457F6D}
	EndGlobalSection
EndGlobal
