
Microsoft Visual Studio Solution File, Format Version 12.00
# Visual Studio Version 17
VisualStudioVersion = 17.3.32901.215
MinimumVisualStudioVersion = 10.0.40219.1
Project("{FAE04EC0-301F-11D3-BF4B-00C04F79EFBC}") = "WebApplication2", "WebApplication2\WebApplication2.csproj", "{0739D5D0-206B-444B-B88D-89C83089A6FB}"
EndProject
Global
	GlobalSection(SolutionConfigurationPlatforms) = preSolution
		Debug|Any CPU = Debug|Any CPU
		Release|Any CPU = Release|Any CPU
	EndGlobalSection
	GlobalSection(ProjectConfigurationPlatforms) = postSolution
		{0739D5D0-206B-444B-B88D-89C83089A6FB}.Debug|Any CPU.ActiveCfg = Debug|Any CPU
		{0739D5D0-206B-444B-B88D-89C83089A6FB}.Debug|Any CPU.Build.0 = Debug|Any CPU
		{0739D5D0-206B-444B-B88D-89C83089A6FB}.Release|Any CPU.ActiveCfg = Release|Any CPU
		{0739D5D0-206B-444B-B88D-89C83089A6FB}.Release|Any CPU.Build.0 = Release|Any CPU
	EndGlobalSection
	GlobalSection(SolutionProperties) = preSolution
		HideSolutionNode = FALSE
	EndGlobalSection
	GlobalSection(ExtensibilityGlobals) = postSolution
		SolutionGuid = {AD21219D-E49F-4A53-8116-3C488BC7E43C}
	EndGlobalSection
EndGlobal
