
Microsoft Visual Studio Solution File, Format Version 12.00
# Visual Studio Version 17
VisualStudioVersion = 17.3.32901.215
MinimumVisualStudioVersion = 10.0.40219.1
Project("{FAE04EC0-301F-11D3-BF4B-00C04F79EFBC}") = "WebApplication8", "WebApplication8\WebApplication8.csproj", "{9E03BB16-34BB-49F2-B4DA-90B25325C62B}"
EndProject
Global
	GlobalSection(SolutionConfigurationPlatforms) = preSolution
		Debug|Any CPU = Debug|Any CPU
		Release|Any CPU = Release|Any CPU
	EndGlobalSection
	GlobalSection(ProjectConfigurationPlatforms) = postSolution
		{9E03BB16-34BB-49F2-B4DA-90B25325C62B}.Debug|Any CPU.ActiveCfg = Debug|Any CPU
		{9E03BB16-34BB-49F2-B4DA-90B25325C62B}.Debug|Any CPU.Build.0 = Debug|Any CPU
		{9E03BB16-34BB-49F2-B4DA-90B25325C62B}.Release|Any CPU.ActiveCfg = Release|Any CPU
		{9E03BB16-34BB-49F2-B4DA-90B25325C62B}.Release|Any CPU.Build.0 = Release|Any CPU
	EndGlobalSection
	GlobalSection(SolutionProperties) = preSolution
		HideSolutionNode = FALSE
	EndGlobalSection
	GlobalSection(ExtensibilityGlobals) = postSolution
		SolutionGuid = {D5A791C1-6F86-445A-99D4-F7F22AEE65CE}
	EndGlobalSection
EndGlobal
